
Microsoft Visual Studio Solution File, Format Version 12.00
# Visual Studio Version 16
VisualStudioVersion = 16.0.32901.82
MinimumVisualStudioVersion = 10.0.40219.1
Project("{8BC9CEB8-8B4A-11D0-8D11-00A0C91BC942}") = "01_Builder", "01_Builder\01_Builder.vcxproj", "{FB96760A-2700-490B-B001-D62DE567368C}"
EndProject
Project("{8BC9CEB8-8B4A-11D0-8D11-00A0C91BC942}") = "02_SingletonWithPointer", "02_SingletonWithPointer\02_SingletonWithPointer.vcxproj", "{5DC5FC18-2A2A-4316-9AD7-8F690128FDE3}"
EndProject
Project("{8BC9CEB8-8B4A-11D0-8D11-00A0C91BC942}") = "03_SingletonWithLink", "03_SingletonWithLink\03_SingletonWithLink.vcxproj", "{8486CB28-1766-4926-9D5C-2E483B701B91}"
EndProject
Project("{8BC9CEB8-8B4A-11D0-8D11-00A0C91BC942}") = "04_FactoryMethod", "04_FactoryMethod\04_FactoryMethod.vcxproj", "{C9D597E3-214A-4751-8DD8-06373687BD5D}"
EndProject
Project("{8BC9CEB8-8B4A-11D0-8D11-00A0C91BC942}") = "05_AbstractFactory", "05_AbstractFactory\05_AbstractFactory.vcxproj", "{E47BD255-36AB-4C7B-A6B6-FFCF880085D6}"
EndProject
Project("{8BC9CEB8-8B4A-11D0-8D11-00A0C91BC942}") = "06_Prototype", "06_Prototype\06_Prototype.vcxproj", "{6C046D26-8915-4655-80F0-50A0F0452599}"
EndProject
Project("{8BC9CEB8-8B4A-11D0-8D11-00A0C91BC942}") = "07_Adapter_Socket", "07_Adapter_Socket\07_Adapter_Socket.vcxproj", "{ED7B32D5-D63F-4E06-B324-4482D506B59F}"
EndProject
Project("{8BC9CEB8-8B4A-11D0-8D11-00A0C91BC942}") = "08_AdapterTemperature", "08_AdapterTemperature\08_AdapterTemperature.vcxproj", "{2CF7401B-1A08-4441-9CAC-99B7B53FBCA9}"
EndProject
Project("{8BC9CEB8-8B4A-11D0-8D11-00A0C91BC942}") = "09_Facade", "09_Facade\09_Facade.vcxproj", "{6C0233C4-AE15-4DEC-A614-ABD37CF2EE92}"
EndProject
Project("{8BC9CEB8-8B4A-11D0-8D11-00A0C91BC942}") = "02_00_Home_Singleton", "02_00_Home_Singleton\02_00_Home_Singleton.vcxproj", "{56BFC0ED-7EDB-4CA8-A084-641C9D9C6825}"
EndProject
Project("{8BC9CEB8-8B4A-11D0-8D11-00A0C91BC942}") = "10_Bridge", "10_Bridge\10_Bridge.vcxproj", "{F54503BA-D7F3-4146-9C4E-E9C541A32C34}"
EndProject
Project("{8BC9CEB8-8B4A-11D0-8D11-00A0C91BC942}") = "11_1_Proxy", "11_1_Proxy\11_1_Proxy.vcxproj", "{E38BBA08-9990-4DB7-8A14-267362184F43}"
EndProject
Project("{8BC9CEB8-8B4A-11D0-8D11-00A0C91BC942}") = "11_2_Proxy", "11_2_Proxy\11_2_Proxy.vcxproj", "{C36CE773-9E1C-4170-8CA3-A8DD1BD0A05C}"
EndProject
Project("{8BC9CEB8-8B4A-11D0-8D11-00A0C91BC942}") = "11_3_Proxy", "11_3_Proxy\11_3_Proxy.vcxproj", "{FFCA9FF2-D126-41CA-AF85-F16BA90558FD}"
EndProject
Project("{8BC9CEB8-8B4A-11D0-8D11-00A0C91BC942}") = "12_1_Observer", "12_1_Observer\12_1_Observer.vcxproj", "{42F7F186-0425-4EAF-BEC0-E1340B18D7D2}"
EndProject
Project("{8BC9CEB8-8B4A-11D0-8D11-00A0C91BC942}") = "12_2_Observer", "12_2_Observer\12_2_Observer.vcxproj", "{C77DE644-4D07-4817-B82A-23530A54F825}"
EndProject
Project("{8BC9CEB8-8B4A-11D0-8D11-00A0C91BC942}") = "13_1_Strategy", "13_1_Strategy\13_1_Strategy.vcxproj", "{405CCD48-D0C2-4E46-8B53-A8B7D7222F9C}"
EndProject
Project("{8BC9CEB8-8B4A-11D0-8D11-00A0C91BC942}") = "13_2_Strategy", "13_2_Strategy\13_2_Strategy.vcxproj", "{BF4DE6AB-9943-4073-9369-5C3B50C96EFB}"
EndProject
Project("{8BC9CEB8-8B4A-11D0-8D11-00A0C91BC942}") = "14_1_Memento", "14_1_Memento\14_1_Memento.vcxproj", "{063F0CF4-E295-43D0-85F3-AD2AACC2ED64}"
EndProject
Global
	GlobalSection(SolutionConfigurationPlatforms) = preSolution
		Debug|x64 = Debug|x64
		Debug|x86 = Debug|x86
		Release|x64 = Release|x64
		Release|x86 = Release|x86
	EndGlobalSection
	GlobalSection(ProjectConfigurationPlatforms) = postSolution
		{FB96760A-2700-490B-B001-D62DE567368C}.Debug|x64.ActiveCfg = Debug|x64
		{FB96760A-2700-490B-B001-D62DE567368C}.Debug|x64.Build.0 = Debug|x64
		{FB96760A-2700-490B-B001-D62DE567368C}.Debug|x86.ActiveCfg = Debug|Win32
		{FB96760A-2700-490B-B001-D62DE567368C}.Debug|x86.Build.0 = Debug|Win32
		{FB96760A-2700-490B-B001-D62DE567368C}.Release|x64.ActiveCfg = Release|x64
		{FB96760A-2700-490B-B001-D62DE567368C}.Release|x64.Build.0 = Release|x64
		{FB96760A-2700-490B-B001-D62DE567368C}.Release|x86.ActiveCfg = Release|Win32
		{FB96760A-2700-490B-B001-D62DE567368C}.Release|x86.Build.0 = Release|Win32
		{5DC5FC18-2A2A-4316-9AD7-8F690128FDE3}.Debug|x64.ActiveCfg = Debug|x64
		{5DC5FC18-2A2A-4316-9AD7-8F690128FDE3}.Debug|x64.Build.0 = Debug|x64
		{5DC5FC18-2A2A-4316-9AD7-8F690128FDE3}.Debug|x86.ActiveCfg = Debug|Win32
		{5DC5FC18-2A2A-4316-9AD7-8F690128FDE3}.Debug|x86.Build.0 = Debug|Win32
		{5DC5FC18-2A2A-4316-9AD7-8F690128FDE3}.Release|x64.ActiveCfg = Release|x64
		{5DC5FC18-2A2A-4316-9AD7-8F690128FDE3}.Release|x64.Build.0 = Release|x64
		{5DC5FC18-2A2A-4316-9AD7-8F690128FDE3}.Release|x86.ActiveCfg = Release|Win32
		{5DC5FC18-2A2A-4316-9AD7-8F690128FDE3}.Release|x86.Build.0 = Release|Win32
		{8486CB28-1766-4926-9D5C-2E483B701B91}.Debug|x64.ActiveCfg = Debug|x64
		{8486CB28-1766-4926-9D5C-2E483B701B91}.Debug|x64.Build.0 = Debug|x64
		{8486CB28-1766-4926-9D5C-2E483B701B91}.Debug|x86.ActiveCfg = Debug|Win32
		{8486CB28-1766-4926-9D5C-2E483B701B91}.Debug|x86.Build.0 = Debug|Win32
		{8486CB28-1766-4926-9D5C-2E483B701B91}.Release|x64.ActiveCfg = Release|x64
		{8486CB28-1766-4926-9D5C-2E483B701B91}.Release|x64.Build.0 = Release|x64
		{8486CB28-1766-4926-9D5C-2E483B701B91}.Release|x86.ActiveCfg = Release|Win32
		{8486CB28-1766-4926-9D5C-2E483B701B91}.Release|x86.Build.0 = Release|Win32
		{C9D597E3-214A-4751-8DD8-06373687BD5D}.Debug|x64.ActiveCfg = Debug|x64
		{C9D597E3-214A-4751-8DD8-06373687BD5D}.Debug|x64.Build.0 = Debug|x64
		{C9D597E3-214A-4751-8DD8-06373687BD5D}.Debug|x86.ActiveCfg = Debug|Win32
		{C9D597E3-214A-4751-8DD8-06373687BD5D}.Debug|x86.Build.0 = Debug|Win32
		{C9D597E3-214A-4751-8DD8-06373687BD5D}.Release|x64.ActiveCfg = Release|x64
		{C9D597E3-214A-4751-8DD8-06373687BD5D}.Release|x64.Build.0 = Release|x64
		{C9D597E3-214A-4751-8DD8-06373687BD5D}.Release|x86.ActiveCfg = Release|Win32
		{C9D597E3-214A-4751-8DD8-06373687BD5D}.Release|x86.Build.0 = Release|Win32
		{E47BD255-36AB-4C7B-A6B6-FFCF880085D6}.Debug|x64.ActiveCfg = Debug|x64
		{E47BD255-36AB-4C7B-A6B6-FFCF880085D6}.Debug|x64.Build.0 = Debug|x64
		{E47BD255-36AB-4C7B-A6B6-FFCF880085D6}.Debug|x86.ActiveCfg = Debug|Win32
		{E47BD255-36AB-4C7B-A6B6-FFCF880085D6}.Debug|x86.Build.0 = Debug|Win32
		{E47BD255-36AB-4C7B-A6B6-FFCF880085D6}.Release|x64.ActiveCfg = Release|x64
		{E47BD255-36AB-4C7B-A6B6-FFCF880085D6}.Release|x64.Build.0 = Release|x64
		{E47BD255-36AB-4C7B-A6B6-FFCF880085D6}.Release|x86.ActiveCfg = Release|Win32
		{E47BD255-36AB-4C7B-A6B6-FFCF880085D6}.Release|x86.Build.0 = Release|Win32
		{6C046D26-8915-4655-80F0-50A0F0452599}.Debug|x64.ActiveCfg = Debug|x64
		{6C046D26-8915-4655-80F0-50A0F0452599}.Debug|x64.Build.0 = Debug|x64
		{6C046D26-8915-4655-80F0-50A0F0452599}.Debug|x86.ActiveCfg = Debug|Win32
		{6C046D26-8915-4655-80F0-50A0F0452599}.Debug|x86.Build.0 = Debug|Win32
		{6C046D26-8915-4655-80F0-50A0F0452599}.Release|x64.ActiveCfg = Release|x64
		{6C046D26-8915-4655-80F0-50A0F0452599}.Release|x64.Build.0 = Release|x64
		{6C046D26-8915-4655-80F0-50A0F0452599}.Release|x86.ActiveCfg = Release|Win32
		{6C046D26-8915-4655-80F0-50A0F0452599}.Release|x86.Build.0 = Release|Win32
		{ED7B32D5-D63F-4E06-B324-4482D506B59F}.Debug|x64.ActiveCfg = Debug|x64
		{ED7B32D5-D63F-4E06-B324-4482D506B59F}.Debug|x64.Build.0 = Debug|x64
		{ED7B32D5-D63F-4E06-B324-4482D506B59F}.Debug|x86.ActiveCfg = Debug|Win32
		{ED7B32D5-D63F-4E06-B324-4482D506B59F}.Debug|x86.Build.0 = Debug|Win32
		{ED7B32D5-D63F-4E06-B324-4482D506B59F}.Release|x64.ActiveCfg = Release|x64
		{ED7B32D5-D63F-4E06-B324-4482D506B59F}.Release|x64.Build.0 = Release|x64
		{ED7B32D5-D63F-4E06-B324-4482D506B59F}.Release|x86.ActiveCfg = Release|Win32
		{ED7B32D5-D63F-4E06-B324-4482D506B59F}.Release|x86.Build.0 = Release|Win32
		{2CF7401B-1A08-4441-9CAC-99B7B53FBCA9}.Debug|x64.ActiveCfg = Debug|x64
		{2CF7401B-1A08-4441-9CAC-99B7B53FBCA9}.Debug|x64.Build.0 = Debug|x64
		{2CF7401B-1A08-4441-9CAC-99B7B53FBCA9}.Debug|x86.ActiveCfg = Debug|Win32
		{2CF7401B-1A08-4441-9CAC-99B7B53FBCA9}.Debug|x86.Build.0 = Debug|Win32
		{2CF7401B-1A08-4441-9CAC-99B7B53FBCA9}.Release|x64.ActiveCfg = Release|x64
		{2CF7401B-1A08-4441-9CAC-99B7B53FBCA9}.Release|x64.Build.0 = Release|x64
		{2CF7401B-1A08-4441-9CAC-99B7B53FBCA9}.Release|x86.ActiveCfg = Release|Win32
		{2CF7401B-1A08-4441-9CAC-99B7B53FBCA9}.Release|x86.Build.0 = Release|Win32
		{6C0233C4-AE15-4DEC-A614-ABD37CF2EE92}.Debug|x64.ActiveCfg = Debug|x64
		{6C0233C4-AE15-4DEC-A614-ABD37CF2EE92}.Debug|x64.Build.0 = Debug|x64
		{6C0233C4-AE15-4DEC-A614-ABD37CF2EE92}.Debug|x86.ActiveCfg = Debug|Win32
		{6C0233C4-AE15-4DEC-A614-ABD37CF2EE92}.Debug|x86.Build.0 = Debug|Win32
		{6C0233C4-AE15-4DEC-A614-ABD37CF2EE92}.Release|x64.ActiveCfg = Release|x64
		{6C0233C4-AE15-4DEC-A614-ABD37CF2EE92}.Release|x64.Build.0 = Release|x64
		{6C0233C4-AE15-4DEC-A614-ABD37CF2EE92}.Release|x86.ActiveCfg = Release|Win32
		{6C0233C4-AE15-4DEC-A614-ABD37CF2EE92}.Release|x86.Build.0 = Release|Win32
		{56BFC0ED-7EDB-4CA8-A084-641C9D9C6825}.Debug|x64.ActiveCfg = Debug|x64
		{56BFC0ED-7EDB-4CA8-A084-641C9D9C6825}.Debug|x64.Build.0 = Debug|x64
		{56BFC0ED-7EDB-4CA8-A084-641C9D9C6825}.Debug|x86.ActiveCfg = Debug|Win32
		{56BFC0ED-7EDB-4CA8-A084-641C9D9C6825}.Debug|x86.Build.0 = Debug|Win32
		{56BFC0ED-7EDB-4CA8-A084-641C9D9C6825}.Release|x64.ActiveCfg = Release|x64
		{56BFC0ED-7EDB-4CA8-A084-641C9D9C6825}.Release|x64.Build.0 = Release|x64
		{56BFC0ED-7EDB-4CA8-A084-641C9D9C6825}.Release|x86.ActiveCfg = Release|Win32
		{56BFC0ED-7EDB-4CA8-A084-641C9D9C6825}.Release|x86.Build.0 = Release|Win32
		{F54503BA-D7F3-4146-9C4E-E9C541A32C34}.Debug|x64.ActiveCfg = Debug|x64
		{F54503BA-D7F3-4146-9C4E-E9C541A32C34}.Debug|x64.Build.0 = Debug|x64
		{F54503BA-D7F3-4146-9C4E-E9C541A32C34}.Debug|x86.ActiveCfg = Debug|Win32
		{F54503BA-D7F3-4146-9C4E-E9C541A32C34}.Debug|x86.Build.0 = Debug|Win32
		{F54503BA-D7F3-4146-9C4E-E9C541A32C34}.Release|x64.ActiveCfg = Release|x64
		{F54503BA-D7F3-4146-9C4E-E9C541A32C34}.Release|x64.Build.0 = Release|x64
		{F54503BA-D7F3-4146-9C4E-E9C541A32C34}.Release|x86.ActiveCfg = Release|Win32
		{F54503BA-D7F3-4146-9C4E-E9C541A32C34}.Release|x86.Build.0 = Release|Win32
		{E38BBA08-9990-4DB7-8A14-267362184F43}.Debug|x64.ActiveCfg = Debug|x64
		{E38BBA08-9990-4DB7-8A14-267362184F43}.Debug|x64.Build.0 = Debug|x64
		{E38BBA08-9990-4DB7-8A14-267362184F43}.Debug|x86.ActiveCfg = Debug|Win32
		{E38BBA08-9990-4DB7-8A14-267362184F43}.Debug|x86.Build.0 = Debug|Win32
		{E38BBA08-9990-4DB7-8A14-267362184F43}.Release|x64.ActiveCfg = Release|x64
		{E38BBA08-9990-4DB7-8A14-267362184F43}.Release|x64.Build.0 = Release|x64
		{E38BBA08-9990-4DB7-8A14-267362184F43}.Release|x86.ActiveCfg = Release|Win32
		{E38BBA08-9990-4DB7-8A14-267362184F43}.Release|x86.Build.0 = Release|Win32
		{C36CE773-9E1C-4170-8CA3-A8DD1BD0A05C}.Debug|x64.ActiveCfg = Debug|x64
		{C36CE773-9E1C-4170-8CA3-A8DD1BD0A05C}.Debug|x64.Build.0 = Debug|x64
		{C36CE773-9E1C-4170-8CA3-A8DD1BD0A05C}.Debug|x86.ActiveCfg = Debug|Win32
		{C36CE773-9E1C-4170-8CA3-A8DD1BD0A05C}.Debug|x86.Build.0 = Debug|Win32
		{C36CE773-9E1C-4170-8CA3-A8DD1BD0A05C}.Release|x64.ActiveCfg = Release|x64
		{C36CE773-9E1C-4170-8CA3-A8DD1BD0A05C}.Release|x64.Build.0 = Release|x64
		{C36CE773-9E1C-4170-8CA3-A8DD1BD0A05C}.Release|x86.ActiveCfg = Release|Win32
		{C36CE773-9E1C-4170-8CA3-A8DD1BD0A05C}.Release|x86.Build.0 = Release|Win32
		{FFCA9FF2-D126-41CA-AF85-F16BA90558FD}.Debug|x64.ActiveCfg = Debug|x64
		{FFCA9FF2-D126-41CA-AF85-F16BA90558FD}.Debug|x64.Build.0 = Debug|x64
		{FFCA9FF2-D126-41CA-AF85-F16BA90558FD}.Debug|x86.ActiveCfg = Debug|Win32
		{FFCA9FF2-D126-41CA-AF85-F16BA90558FD}.Debug|x86.Build.0 = Debug|Win32
		{FFCA9FF2-D126-41CA-AF85-F16BA90558FD}.Release|x64.ActiveCfg = Release|x64
		{FFCA9FF2-D126-41CA-AF85-F16BA90558FD}.Release|x64.Build.0 = Release|x64
		{FFCA9FF2-D126-41CA-AF85-F16BA90558FD}.Release|x86.ActiveCfg = Release|Win32
		{FFCA9FF2-D126-41CA-AF85-F16BA90558FD}.Release|x86.Build.0 = Release|Win32
		{42F7F186-0425-4EAF-BEC0-E1340B18D7D2}.Debug|x64.ActiveCfg = Debug|x64
		{42F7F186-0425-4EAF-BEC0-E1340B18D7D2}.Debug|x64.Build.0 = Debug|x64
		{42F7F186-0425-4EAF-BEC0-E1340B18D7D2}.Debug|x86.ActiveCfg = Debug|Win32
		{42F7F186-0425-4EAF-BEC0-E1340B18D7D2}.Debug|x86.Build.0 = Debug|Win32
		{42F7F186-0425-4EAF-BEC0-E1340B18D7D2}.Release|x64.ActiveCfg = Release|x64
		{42F7F186-0425-4EAF-BEC0-E1340B18D7D2}.Release|x64.Build.0 = Release|x64
		{42F7F186-0425-4EAF-BEC0-E1340B18D7D2}.Release|x86.ActiveCfg = Release|Win32
		{42F7F186-0425-4EAF-BEC0-E1340B18D7D2}.Release|x86.Build.0 = Release|Win32
		{C77DE644-4D07-4817-B82A-23530A54F825}.Debug|x64.ActiveCfg = Debug|x64
		{C77DE644-4D07-4817-B82A-23530A54F825}.Debug|x64.Build.0 = Debug|x64
		{C77DE644-4D07-4817-B82A-23530A54F825}.Debug|x86.ActiveCfg = Debug|Win32
		{C77DE644-4D07-4817-B82A-23530A54F825}.Debug|x86.Build.0 = Debug|Win32
		{C77DE644-4D07-4817-B82A-23530A54F825}.Release|x64.ActiveCfg = Release|x64
		{C77DE644-4D07-4817-B82A-23530A54F825}.Release|x64.Build.0 = Release|x64
		{C77DE644-4D07-4817-B82A-23530A54F825}.Release|x86.ActiveCfg = Release|Win32
		{C77DE644-4D07-4817-B82A-23530A54F825}.Release|x86.Build.0 = Release|Win32
		{405CCD48-D0C2-4E46-8B53-A8B7D7222F9C}.Debug|x64.ActiveCfg = Debug|x64
		{405CCD48-D0C2-4E46-8B53-A8B7D7222F9C}.Debug|x64.Build.0 = Debug|x64
		{405CCD48-D0C2-4E46-8B53-A8B7D7222F9C}.Debug|x86.ActiveCfg = Debug|Win32
		{405CCD48-D0C2-4E46-8B53-A8B7D7222F9C}.Debug|x86.Build.0 = Debug|Win32
		{405CCD48-D0C2-4E46-8B53-A8B7D7222F9C}.Release|x64.ActiveCfg = Release|x64
		{405CCD48-D0C2-4E46-8B53-A8B7D7222F9C}.Release|x64.Build.0 = Release|x64
		{405CCD48-D0C2-4E46-8B53-A8B7D7222F9C}.Release|x86.ActiveCfg = Release|Win32
		{405CCD48-D0C2-4E46-8B53-A8B7D7222F9C}.Release|x86.Build.0 = Release|Win32
		{BF4DE6AB-9943-4073-9369-5C3B50C96EFB}.Debug|x64.ActiveCfg = Debug|x64
		{BF4DE6AB-9943-4073-9369-5C3B50C96EFB}.Debug|x64.Build.0 = Debug|x64
		{BF4DE6AB-9943-4073-9369-5C3B50C96EFB}.Debug|x86.ActiveCfg = Debug|Win32
		{BF4DE6AB-9943-4073-9369-5C3B50C96EFB}.Debug|x86.Build.0 = Debug|Win32
		{BF4DE6AB-9943-4073-9369-5C3B50C96EFB}.Release|x64.ActiveCfg = Release|x64
		{BF4DE6AB-9943-4073-9369-5C3B50C96EFB}.Release|x64.Build.0 = Release|x64
		{BF4DE6AB-9943-4073-9369-5C3B50C96EFB}.Release|x86.ActiveCfg = Release|Win32
		{BF4DE6AB-9943-4073-9369-5C3B50C96EFB}.Release|x86.Build.0 = Release|Win32
		{063F0CF4-E295-43D0-85F3-AD2AACC2ED64}.Debug|x64.ActiveCfg = Debug|x64
		{063F0CF4-E295-43D0-85F3-AD2AACC2ED64}.Debug|x64.Build.0 = Debug|x64
		{063F0CF4-E295-43D0-85F3-AD2AACC2ED64}.Debug|x86.ActiveCfg = Debug|Win32
		{063F0CF4-E295-43D0-85F3-AD2AACC2ED64}.Debug|x86.Build.0 = Debug|Win32
		{063F0CF4-E295-43D0-85F3-AD2AACC2ED64}.Release|x64.ActiveCfg = Release|x64
		{063F0CF4-E295-43D0-85F3-AD2AACC2ED64}.Release|x64.Build.0 = Release|x64
		{063F0CF4-E295-43D0-85F3-AD2AACC2ED64}.Release|x86.ActiveCfg = Release|Win32
		{063F0CF4-E295-43D0-85F3-AD2AACC2ED64}.Release|x86.Build.0 = Release|Win32
	EndGlobalSection
	GlobalSection(SolutionProperties) = preSolution
		HideSolutionNode = FALSE
	EndGlobalSection
	GlobalSection(ExtensibilityGlobals) = postSolution
		SolutionGuid = {DDD92C91-757F-4C21-9A46-CC6AB1CE860F}
	EndGlobalSection
EndGlobal
